
Microsoft Visual Studio Solution File, Format Version 12.00
# Visual Studio Version 17
VisualStudioVersion = 17.9.34607.119
MinimumVisualStudioVersion = 10.0.40219.1
Project("{FAE04EC0-301F-11D3-BF4B-00C04F79EFBC}") = "Desafio_S4E", "Desafio_S4E\Desafio_S4E.csproj", "{71AD22E1-7B42-41AC-A2D4-5D71316BFBB7}"
EndProject
Global
	GlobalSection(SolutionConfigurationPlatforms) = preSolution
		Debug|Any CPU = Debug|Any CPU
		Release|Any CPU = Release|Any CPU
	EndGlobalSection
	GlobalSection(ProjectConfigurationPlatforms) = postSolution
		{71AD22E1-7B42-41AC-A2D4-5D71316BFBB7}.Debug|Any CPU.ActiveCfg = Debug|Any CPU
		{71AD22E1-7B42-41AC-A2D4-5D71316BFBB7}.Debug|Any CPU.Build.0 = Debug|Any CPU
		{71AD22E1-7B42-41AC-A2D4-5D71316BFBB7}.Release|Any CPU.ActiveCfg = Release|Any CPU
		{71AD22E1-7B42-41AC-A2D4-5D71316BFBB7}.Release|Any CPU.Build.0 = Release|Any CPU
	EndGlobalSection
	GlobalSection(SolutionProperties) = preSolution
		HideSolutionNode = FALSE
	EndGlobalSection
	GlobalSection(ExtensibilityGlobals) = postSolution
		SolutionGuid = {A08A94E2-0DFF-4CF3-B133-BE58B2F12555}
	EndGlobalSection
EndGlobal
